
Microsoft Visual Studio Solution File, Format Version 12.00
Project("{2150E333-8FDC-42A3-9474-1A3956D46DE8}") = "BuildingBlocks", "BuildingBlocks", "{7266C4A9-E384-DC00-0EB6-47F6002CFBA7}"
EndProject
Project("{2150E333-8FDC-42A3-9474-1A3956D46DE8}") = "SharedKernel", "SharedKernel", "{DE26C561-AD66-0972-039C-D8E9AE6ECEE6}"
EndProject
Project("{FAE04EC0-301F-11D3-BF4B-00C04F79EFBC}") = "NovaStack.SharedKernel", "src\BuildingBlocks\NovaStack.SharedKernel\NovaStack.SharedKernel.csproj", "{33BF6D2C-9053-47F0-B411-7737B736379B}"
EndProject
Project("{2150E333-8FDC-42A3-9474-1A3956D46DE8}") = "Infrastructure", "Infrastructure", "{F8F4539D-0082-74A4-1D92-510706789366}"
EndProject
Project("{FAE04EC0-301F-11D3-BF4B-00C04F79EFBC}") = "NovaStack.Infrastructure", "src\BuildingBlocks\NovaStack.Infrastructure\NovaStack.Infrastructure.csproj", "{870BDF8E-1D59-4703-B103-CAC4ACEA7169}"
EndProject
Project("{2150E333-8FDC-42A3-9474-1A3956D46DE8}") = "Contracts", "Contracts", "{56929A71-C862-B918-F479-3EAEBD7B9BDB}"
EndProject
Project("{FAE04EC0-301F-11D3-BF4B-00C04F79EFBC}") = "NovaStack.Contracts", "src\BuildingBlocks\NovaStack.Contracts\NovaStack.Contracts.csproj", "{FC6889A5-2164-4A0B-9211-43FF4B27E3A4}"
EndProject
Project("{2150E333-8FDC-42A3-9474-1A3956D46DE8}") = "Services", "Services", "{5854FF58-B8C5-05C6-5BF2-ACE42193F22B}"
EndProject
Project("{2150E333-8FDC-42A3-9474-1A3956D46DE8}") = "Product", "Product", "{B06B848F-2C60-96F4-F472-51BA1E48B7CF}"
EndProject
Project("{2150E333-8FDC-42A3-9474-1A3956D46DE8}") = "Identity", "Identity", "{A1B2C3D4-E5F6-7890-ABCD-EF1234567890}"
EndProject
Project("{2150E333-8FDC-42A3-9474-1A3956D46DE8}") = "Workers", "Workers", "{20543853-AF10-B830-2A3D-9FE9F6ECBF6C}"
EndProject
Project("{FAE04EC0-301F-11D3-BF4B-00C04F79EFBC}") = "Product.Consumer", "src\Workers\Product.Consumer\Product.Consumer.csproj", "{F0C1D28A-64EC-41EF-98F2-2AB70680750B}"
EndProject
Project("{FAE04EC0-301F-11D3-BF4B-00C04F79EFBC}") = "Notification.Consumer", "src\Workers\Notification.Consumer\Notification.Consumer.csproj", "{63A762E4-CE4F-4270-9770-242926B487FD}"
EndProject
Project("{2150E333-8FDC-42A3-9474-1A3956D46DE8}") = "tests", "tests", "{0AB3BF05-4346-4AA6-1389-037BE0695223}"
EndProject
Project("{FAE04EC0-301F-11D3-BF4B-00C04F79EFBC}") = "UnitTests", "tests\UnitTests\UnitTests.csproj", "{9E310495-949B-498F-BA6C-D4A2AC3594E7}"
EndProject
Project("{FAE04EC0-301F-11D3-BF4B-00C04F79EFBC}") = "IntegrationTests", "tests\IntegrationTests\IntegrationTests.csproj", "{9F0C5702-EE5D-461F-83AC-C47B457F8F44}"
EndProject
Project("{FAE04EC0-301F-11D3-BF4B-00C04F79EFBC}") = "ArchitectureTests", "tests\ArchitectureTests\ArchitectureTests.csproj", "{EBFB1419-EA73-4D1F-8795-437A80AF28CD}"
EndProject
Project("{FAE04EC0-301F-11D3-BF4B-00C04F79EFBC}") = "Product.Api", "src\Services\Product\Product.Api\Product.Api.csproj", "{91AF93A5-441D-42F3-80BF-155E8E7C31C7}"
EndProject
Project("{FAE04EC0-301F-11D3-BF4B-00C04F79EFBC}") = "Product.Application", "src\Services\Product\Product.Application\Product.Application.csproj", "{249F2762-1F37-479A-ABCF-76C02657F4F0}"
EndProject
Project("{FAE04EC0-301F-11D3-BF4B-00C04F79EFBC}") = "Product.Domain", "src\Services\Product\Product.Domain\Product.Domain.csproj", "{1CC9EEBF-171C-4072-B394-39AD9CA7DB79}"
EndProject
Project("{FAE04EC0-301F-11D3-BF4B-00C04F79EFBC}") = "Product.Infrastructure", "src\Services\Product\Product.Infrastructure\Product.Infrastructure.csproj", "{8394E0F1-48ED-4AE2-805E-782C3D45909F}"
EndProject
Project("{FAE04EC0-301F-11D3-BF4B-00C04F79EFBC}") = "Identity.Api", "src\Services\Identity\Identity.Api\Identity.Api.csproj", "{4FBEEEF2-B612-4E96-B4A7-0780F23D03EB}"
EndProject
Project("{FAE04EC0-301F-11D3-BF4B-00C04F79EFBC}") = "Identity.Application", "src\Services\Identity\Identity.Application\Identity.Application.csproj", "{F853CC69-6E0B-41AE-BB3E-15D768908650}"
EndProject
Project("{FAE04EC0-301F-11D3-BF4B-00C04F79EFBC}") = "Identity.Domain", "src\Services\Identity\Identity.Domain\Identity.Domain.csproj", "{DE8B8C28-27FF-4C01-8558-7F052937A4B1}"
EndProject
Project("{FAE04EC0-301F-11D3-BF4B-00C04F79EFBC}") = "Identity.Infrastructure", "src\Services\Identity\Identity.Infrastructure\Identity.Infrastructure.csproj", "{61CDD943-7B48-415C-A877-F71FC31A4EAF}"
EndProject
Global
	GlobalSection(SolutionConfigurationPlatforms) = preSolution
		Debug|Any CPU = Debug|Any CPU
		Debug|x64 = Debug|x64
		Debug|x86 = Debug|x86
		Release|Any CPU = Release|Any CPU
		Release|x64 = Release|x64
		Release|x86 = Release|x86
	EndGlobalSection
	GlobalSection(ProjectConfigurationPlatforms) = postSolution
		{33BF6D2C-9053-47F0-B411-7737B736379B}.Debug|Any CPU.ActiveCfg = Debug|Any CPU
		{33BF6D2C-9053-47F0-B411-7737B736379B}.Debug|Any CPU.Build.0 = Debug|Any CPU
		{33BF6D2C-9053-47F0-B411-7737B736379B}.Debug|x64.ActiveCfg = Debug|Any CPU
		{33BF6D2C-9053-47F0-B411-7737B736379B}.Debug|x64.Build.0 = Debug|Any CPU
		{33BF6D2C-9053-47F0-B411-7737B736379B}.Debug|x86.ActiveCfg = Debug|Any CPU
		{33BF6D2C-9053-47F0-B411-7737B736379B}.Debug|x86.Build.0 = Debug|Any CPU
		{33BF6D2C-9053-47F0-B411-7737B736379B}.Release|Any CPU.ActiveCfg = Release|Any CPU
		{33BF6D2C-9053-47F0-B411-7737B736379B}.Release|Any CPU.Build.0 = Release|Any CPU
		{33BF6D2C-9053-47F0-B411-7737B736379B}.Release|x64.ActiveCfg = Release|Any CPU
		{33BF6D2C-9053-47F0-B411-7737B736379B}.Release|x64.Build.0 = Release|Any CPU
		{33BF6D2C-9053-47F0-B411-7737B736379B}.Release|x86.ActiveCfg = Release|Any CPU
		{33BF6D2C-9053-47F0-B411-7737B736379B}.Release|x86.Build.0 = Release|Any CPU
		{870BDF8E-1D59-4703-B103-CAC4ACEA7169}.Debug|Any CPU.ActiveCfg = Debug|Any CPU
		{870BDF8E-1D59-4703-B103-CAC4ACEA7169}.Debug|Any CPU.Build.0 = Debug|Any CPU
		{870BDF8E-1D59-4703-B103-CAC4ACEA7169}.Debug|x64.ActiveCfg = Debug|Any CPU
		{870BDF8E-1D59-4703-B103-CAC4ACEA7169}.Debug|x64.Build.0 = Debug|Any CPU
		{870BDF8E-1D59-4703-B103-CAC4ACEA7169}.Debug|x86.ActiveCfg = Debug|Any CPU
		{870BDF8E-1D59-4703-B103-CAC4ACEA7169}.Debug|x86.Build.0 = Debug|Any CPU
		{870BDF8E-1D59-4703-B103-CAC4ACEA7169}.Release|Any CPU.ActiveCfg = Release|Any CPU
		{870BDF8E-1D59-4703-B103-CAC4ACEA7169}.Release|Any CPU.Build.0 = Release|Any CPU
		{870BDF8E-1D59-4703-B103-CAC4ACEA7169}.Release|x64.ActiveCfg = Release|Any CPU
		{870BDF8E-1D59-4703-B103-CAC4ACEA7169}.Release|x64.Build.0 = Release|Any CPU
		{870BDF8E-1D59-4703-B103-CAC4ACEA7169}.Release|x86.ActiveCfg = Release|Any CPU
		{870BDF8E-1D59-4703-B103-CAC4ACEA7169}.Release|x86.Build.0 = Release|Any CPU
		{FC6889A5-2164-4A0B-9211-43FF4B27E3A4}.Debug|Any CPU.ActiveCfg = Debug|Any CPU
		{FC6889A5-2164-4A0B-9211-43FF4B27E3A4}.Debug|Any CPU.Build.0 = Debug|Any CPU
		{FC6889A5-2164-4A0B-9211-43FF4B27E3A4}.Debug|x64.ActiveCfg = Debug|Any CPU
		{FC6889A5-2164-4A0B-9211-43FF4B27E3A4}.Debug|x64.Build.0 = Debug|Any CPU
		{FC6889A5-2164-4A0B-9211-43FF4B27E3A4}.Debug|x86.ActiveCfg = Debug|Any CPU
		{FC6889A5-2164-4A0B-9211-43FF4B27E3A4}.Debug|x86.Build.0 = Debug|Any CPU
		{FC6889A5-2164-4A0B-9211-43FF4B27E3A4}.Release|Any CPU.ActiveCfg = Release|Any CPU
		{FC6889A5-2164-4A0B-9211-43FF4B27E3A4}.Release|Any CPU.Build.0 = Release|Any CPU
		{FC6889A5-2164-4A0B-9211-43FF4B27E3A4}.Release|x64.ActiveCfg = Release|Any CPU
		{FC6889A5-2164-4A0B-9211-43FF4B27E3A4}.Release|x64.Build.0 = Release|Any CPU
		{FC6889A5-2164-4A0B-9211-43FF4B27E3A4}.Release|x86.ActiveCfg = Release|Any CPU
		{FC6889A5-2164-4A0B-9211-43FF4B27E3A4}.Release|x86.Build.0 = Release|Any CPU
		{F0C1D28A-64EC-41EF-98F2-2AB70680750B}.Debug|Any CPU.ActiveCfg = Debug|Any CPU
		{F0C1D28A-64EC-41EF-98F2-2AB70680750B}.Debug|Any CPU.Build.0 = Debug|Any CPU
		{F0C1D28A-64EC-41EF-98F2-2AB70680750B}.Debug|x64.ActiveCfg = Debug|Any CPU
		{F0C1D28A-64EC-41EF-98F2-2AB70680750B}.Debug|x64.Build.0 = Debug|Any CPU
		{F0C1D28A-64EC-41EF-98F2-2AB70680750B}.Debug|x86.ActiveCfg = Debug|Any CPU
		{F0C1D28A-64EC-41EF-98F2-2AB70680750B}.Debug|x86.Build.0 = Debug|Any CPU
		{F0C1D28A-64EC-41EF-98F2-2AB70680750B}.Release|Any CPU.ActiveCfg = Release|Any CPU
		{F0C1D28A-64EC-41EF-98F2-2AB70680750B}.Release|Any CPU.Build.0 = Release|Any CPU
		{F0C1D28A-64EC-41EF-98F2-2AB70680750B}.Release|x64.ActiveCfg = Release|Any CPU
		{F0C1D28A-64EC-41EF-98F2-2AB70680750B}.Release|x64.Build.0 = Release|Any CPU
		{F0C1D28A-64EC-41EF-98F2-2AB70680750B}.Release|x86.ActiveCfg = Release|Any CPU
		{F0C1D28A-64EC-41EF-98F2-2AB70680750B}.Release|x86.Build.0 = Release|Any CPU
		{63A762E4-CE4F-4270-9770-242926B487FD}.Debug|Any CPU.ActiveCfg = Debug|Any CPU
		{63A762E4-CE4F-4270-9770-242926B487FD}.Debug|Any CPU.Build.0 = Debug|Any CPU
		{63A762E4-CE4F-4270-9770-242926B487FD}.Debug|x64.ActiveCfg = Debug|Any CPU
		{63A762E4-CE4F-4270-9770-242926B487FD}.Debug|x64.Build.0 = Debug|Any CPU
		{63A762E4-CE4F-4270-9770-242926B487FD}.Debug|x86.ActiveCfg = Debug|Any CPU
		{63A762E4-CE4F-4270-9770-242926B487FD}.Debug|x86.Build.0 = Debug|Any CPU
		{63A762E4-CE4F-4270-9770-242926B487FD}.Release|Any CPU.ActiveCfg = Release|Any CPU
		{63A762E4-CE4F-4270-9770-242926B487FD}.Release|Any CPU.Build.0 = Release|Any CPU
		{63A762E4-CE4F-4270-9770-242926B487FD}.Release|x64.ActiveCfg = Release|Any CPU
		{63A762E4-CE4F-4270-9770-242926B487FD}.Release|x64.Build.0 = Release|Any CPU
		{63A762E4-CE4F-4270-9770-242926B487FD}.Release|x86.ActiveCfg = Release|Any CPU
		{63A762E4-CE4F-4270-9770-242926B487FD}.Release|x86.Build.0 = Release|Any CPU
		{9E310495-949B-498F-BA6C-D4A2AC3594E7}.Debug|Any CPU.ActiveCfg = Debug|Any CPU
		{9E310495-949B-498F-BA6C-D4A2AC3594E7}.Debug|Any CPU.Build.0 = Debug|Any CPU
		{9E310495-949B-498F-BA6C-D4A2AC3594E7}.Debug|x64.ActiveCfg = Debug|Any CPU
		{9E310495-949B-498F-BA6C-D4A2AC3594E7}.Debug|x64.Build.0 = Debug|Any CPU
		{9E310495-949B-498F-BA6C-D4A2AC3594E7}.Debug|x86.ActiveCfg = Debug|Any CPU
		{9E310495-949B-498F-BA6C-D4A2AC3594E7}.Debug|x86.Build.0 = Debug|Any CPU
		{9E310495-949B-498F-BA6C-D4A2AC3594E7}.Release|Any CPU.ActiveCfg = Release|Any CPU
		{9E310495-949B-498F-BA6C-D4A2AC3594E7}.Release|Any CPU.Build.0 = Release|Any CPU
		{9E310495-949B-498F-BA6C-D4A2AC3594E7}.Release|x64.ActiveCfg = Release|Any CPU
		{9E310495-949B-498F-BA6C-D4A2AC3594E7}.Release|x64.Build.0 = Release|Any CPU
		{9E310495-949B-498F-BA6C-D4A2AC3594E7}.Release|x86.ActiveCfg = Release|Any CPU
		{9E310495-949B-498F-BA6C-D4A2AC3594E7}.Release|x86.Build.0 = Release|Any CPU
		{9F0C5702-EE5D-461F-83AC-C47B457F8F44}.Debug|Any CPU.ActiveCfg = Debug|Any CPU
		{9F0C5702-EE5D-461F-83AC-C47B457F8F44}.Debug|Any CPU.Build.0 = Debug|Any CPU
		{9F0C5702-EE5D-461F-83AC-C47B457F8F44}.Debug|x64.ActiveCfg = Debug|Any CPU
		{9F0C5702-EE5D-461F-83AC-C47B457F8F44}.Debug|x64.Build.0 = Debug|Any CPU
		{9F0C5702-EE5D-461F-83AC-C47B457F8F44}.Debug|x86.ActiveCfg = Debug|Any CPU
		{9F0C5702-EE5D-461F-83AC-C47B457F8F44}.Debug|x86.Build.0 = Debug|Any CPU
		{9F0C5702-EE5D-461F-83AC-C47B457F8F44}.Release|Any CPU.ActiveCfg = Release|Any CPU
		{9F0C5702-EE5D-461F-83AC-C47B457F8F44}.Release|Any CPU.Build.0 = Release|Any CPU
		{9F0C5702-EE5D-461F-83AC-C47B457F8F44}.Release|x64.ActiveCfg = Release|Any CPU
		{9F0C5702-EE5D-461F-83AC-C47B457F8F44}.Release|x64.Build.0 = Release|Any CPU
		{9F0C5702-EE5D-461F-83AC-C47B457F8F44}.Release|x86.ActiveCfg = Release|Any CPU
		{9F0C5702-EE5D-461F-83AC-C47B457F8F44}.Release|x86.Build.0 = Release|Any CPU
		{EBFB1419-EA73-4D1F-8795-437A80AF28CD}.Debug|Any CPU.ActiveCfg = Debug|Any CPU
		{EBFB1419-EA73-4D1F-8795-437A80AF28CD}.Debug|Any CPU.Build.0 = Debug|Any CPU
		{EBFB1419-EA73-4D1F-8795-437A80AF28CD}.Debug|x64.ActiveCfg = Debug|Any CPU
		{EBFB1419-EA73-4D1F-8795-437A80AF28CD}.Debug|x64.Build.0 = Debug|Any CPU
		{EBFB1419-EA73-4D1F-8795-437A80AF28CD}.Debug|x86.ActiveCfg = Debug|Any CPU
		{EBFB1419-EA73-4D1F-8795-437A80AF28CD}.Debug|x86.Build.0 = Debug|Any CPU
		{EBFB1419-EA73-4D1F-8795-437A80AF28CD}.Release|Any CPU.ActiveCfg = Release|Any CPU
		{EBFB1419-EA73-4D1F-8795-437A80AF28CD}.Release|Any CPU.Build.0 = Release|Any CPU
		{EBFB1419-EA73-4D1F-8795-437A80AF28CD}.Release|x64.ActiveCfg = Release|Any CPU
		{EBFB1419-EA73-4D1F-8795-437A80AF28CD}.Release|x64.Build.0 = Release|Any CPU
		{EBFB1419-EA73-4D1F-8795-437A80AF28CD}.Release|x86.ActiveCfg = Release|Any CPU
		{EBFB1419-EA73-4D1F-8795-437A80AF28CD}.Release|x86.Build.0 = Release|Any CPU
		{91AF93A5-441D-42F3-80BF-155E8E7C31C7}.Debug|Any CPU.ActiveCfg = Debug|Any CPU
		{91AF93A5-441D-42F3-80BF-155E8E7C31C7}.Debug|Any CPU.Build.0 = Debug|Any CPU
		{91AF93A5-441D-42F3-80BF-155E8E7C31C7}.Debug|x64.ActiveCfg = Debug|Any CPU
		{91AF93A5-441D-42F3-80BF-155E8E7C31C7}.Debug|x64.Build.0 = Debug|Any CPU
		{91AF93A5-441D-42F3-80BF-155E8E7C31C7}.Debug|x86.ActiveCfg = Debug|Any CPU
		{91AF93A5-441D-42F3-80BF-155E8E7C31C7}.Debug|x86.Build.0 = Debug|Any CPU
		{91AF93A5-441D-42F3-80BF-155E8E7C31C7}.Release|Any CPU.ActiveCfg = Release|Any CPU
		{91AF93A5-441D-42F3-80BF-155E8E7C31C7}.Release|Any CPU.Build.0 = Release|Any CPU
		{91AF93A5-441D-42F3-80BF-155E8E7C31C7}.Release|x64.ActiveCfg = Release|Any CPU
		{91AF93A5-441D-42F3-80BF-155E8E7C31C7}.Release|x64.Build.0 = Release|Any CPU
		{91AF93A5-441D-42F3-80BF-155E8E7C31C7}.Release|x86.ActiveCfg = Release|Any CPU
		{91AF93A5-441D-42F3-80BF-155E8E7C31C7}.Release|x86.Build.0 = Release|Any CPU
		{249F2762-1F37-479A-ABCF-76C02657F4F0}.Debug|Any CPU.ActiveCfg = Debug|Any CPU
		{249F2762-1F37-479A-ABCF-76C02657F4F0}.Debug|Any CPU.Build.0 = Debug|Any CPU
		{249F2762-1F37-479A-ABCF-76C02657F4F0}.Debug|x64.ActiveCfg = Debug|Any CPU
		{249F2762-1F37-479A-ABCF-76C02657F4F0}.Debug|x64.Build.0 = Debug|Any CPU
		{249F2762-1F37-479A-ABCF-76C02657F4F0}.Debug|x86.ActiveCfg = Debug|Any CPU
		{249F2762-1F37-479A-ABCF-76C02657F4F0}.Debug|x86.Build.0 = Debug|Any CPU
		{249F2762-1F37-479A-ABCF-76C02657F4F0}.Release|Any CPU.ActiveCfg = Release|Any CPU
		{249F2762-1F37-479A-ABCF-76C02657F4F0}.Release|Any CPU.Build.0 = Release|Any CPU
		{249F2762-1F37-479A-ABCF-76C02657F4F0}.Release|x64.ActiveCfg = Release|Any CPU
		{249F2762-1F37-479A-ABCF-76C02657F4F0}.Release|x64.Build.0 = Release|Any CPU
		{249F2762-1F37-479A-ABCF-76C02657F4F0}.Release|x86.ActiveCfg = Release|Any CPU
		{249F2762-1F37-479A-ABCF-76C02657F4F0}.Release|x86.Build.0 = Release|Any CPU
		{1CC9EEBF-171C-4072-B394-39AD9CA7DB79}.Debug|Any CPU.ActiveCfg = Debug|Any CPU
		{1CC9EEBF-171C-4072-B394-39AD9CA7DB79}.Debug|Any CPU.Build.0 = Debug|Any CPU
		{1CC9EEBF-171C-4072-B394-39AD9CA7DB79}.Debug|x64.ActiveCfg = Debug|Any CPU
		{1CC9EEBF-171C-4072-B394-39AD9CA7DB79}.Debug|x64.Build.0 = Debug|Any CPU
		{1CC9EEBF-171C-4072-B394-39AD9CA7DB79}.Debug|x86.ActiveCfg = Debug|Any CPU
		{1CC9EEBF-171C-4072-B394-39AD9CA7DB79}.Debug|x86.Build.0 = Debug|Any CPU
		{1CC9EEBF-171C-4072-B394-39AD9CA7DB79}.Release|Any CPU.ActiveCfg = Release|Any CPU
		{1CC9EEBF-171C-4072-B394-39AD9CA7DB79}.Release|Any CPU.Build.0 = Release|Any CPU
		{1CC9EEBF-171C-4072-B394-39AD9CA7DB79}.Release|x64.ActiveCfg = Release|Any CPU
		{1CC9EEBF-171C-4072-B394-39AD9CA7DB79}.Release|x64.Build.0 = Release|Any CPU
		{1CC9EEBF-171C-4072-B394-39AD9CA7DB79}.Release|x86.ActiveCfg = Release|Any CPU
		{1CC9EEBF-171C-4072-B394-39AD9CA7DB79}.Release|x86.Build.0 = Release|Any CPU
		{8394E0F1-48ED-4AE2-805E-782C3D45909F}.Debug|Any CPU.ActiveCfg = Debug|Any CPU
		{8394E0F1-48ED-4AE2-805E-782C3D45909F}.Debug|Any CPU.Build.0 = Debug|Any CPU
		{8394E0F1-48ED-4AE2-805E-782C3D45909F}.Debug|x64.ActiveCfg = Debug|Any CPU
		{8394E0F1-48ED-4AE2-805E-782C3D45909F}.Debug|x64.Build.0 = Debug|Any CPU
		{8394E0F1-48ED-4AE2-805E-782C3D45909F}.Debug|x86.ActiveCfg = Debug|Any CPU
		{8394E0F1-48ED-4AE2-805E-782C3D45909F}.Debug|x86.Build.0 = Debug|Any CPU
		{8394E0F1-48ED-4AE2-805E-782C3D45909F}.Release|Any CPU.ActiveCfg = Release|Any CPU
		{8394E0F1-48ED-4AE2-805E-782C3D45909F}.Release|Any CPU.Build.0 = Release|Any CPU
		{8394E0F1-48ED-4AE2-805E-782C3D45909F}.Release|x64.ActiveCfg = Release|Any CPU
		{8394E0F1-48ED-4AE2-805E-782C3D45909F}.Release|x64.Build.0 = Release|Any CPU
		{8394E0F1-48ED-4AE2-805E-782C3D45909F}.Release|x86.ActiveCfg = Release|Any CPU
		{8394E0F1-48ED-4AE2-805E-782C3D45909F}.Release|x86.Build.0 = Release|Any CPU
		{4FBEEEF2-B612-4E96-B4A7-0780F23D03EB}.Debug|Any CPU.ActiveCfg = Debug|Any CPU
		{4FBEEEF2-B612-4E96-B4A7-0780F23D03EB}.Debug|Any CPU.Build.0 = Debug|Any CPU
		{4FBEEEF2-B612-4E96-B4A7-0780F23D03EB}.Debug|x64.ActiveCfg = Debug|Any CPU
		{4FBEEEF2-B612-4E96-B4A7-0780F23D03EB}.Debug|x64.Build.0 = Debug|Any CPU
		{4FBEEEF2-B612-4E96-B4A7-0780F23D03EB}.Debug|x86.ActiveCfg = Debug|Any CPU
		{4FBEEEF2-B612-4E96-B4A7-0780F23D03EB}.Debug|x86.Build.0 = Debug|Any CPU
		{4FBEEEF2-B612-4E96-B4A7-0780F23D03EB}.Release|Any CPU.ActiveCfg = Release|Any CPU
		{4FBEEEF2-B612-4E96-B4A7-0780F23D03EB}.Release|Any CPU.Build.0 = Release|Any CPU
		{4FBEEEF2-B612-4E96-B4A7-0780F23D03EB}.Release|x64.ActiveCfg = Release|Any CPU
		{4FBEEEF2-B612-4E96-B4A7-0780F23D03EB}.Release|x64.Build.0 = Release|Any CPU
		{4FBEEEF2-B612-4E96-B4A7-0780F23D03EB}.Release|x86.ActiveCfg = Release|Any CPU
		{4FBEEEF2-B612-4E96-B4A7-0780F23D03EB}.Release|x86.Build.0 = Release|Any CPU
		{F853CC69-6E0B-41AE-BB3E-15D768908650}.Debug|Any CPU.ActiveCfg = Debug|Any CPU
		{F853CC69-6E0B-41AE-BB3E-15D768908650}.Debug|Any CPU.Build.0 = Debug|Any CPU
		{F853CC69-6E0B-41AE-BB3E-15D768908650}.Debug|x64.ActiveCfg = Debug|Any CPU
		{F853CC69-6E0B-41AE-BB3E-15D768908650}.Debug|x64.Build.0 = Debug|Any CPU
		{F853CC69-6E0B-41AE-BB3E-15D768908650}.Debug|x86.ActiveCfg = Debug|Any CPU
		{F853CC69-6E0B-41AE-BB3E-15D768908650}.Debug|x86.Build.0 = Debug|Any CPU
		{F853CC69-6E0B-41AE-BB3E-15D768908650}.Release|Any CPU.ActiveCfg = Release|Any CPU
		{F853CC69-6E0B-41AE-BB3E-15D768908650}.Release|Any CPU.Build.0 = Release|Any CPU
		{F853CC69-6E0B-41AE-BB3E-15D768908650}.Release|x64.ActiveCfg = Release|Any CPU
		{F853CC69-6E0B-41AE-BB3E-15D768908650}.Release|x64.Build.0 = Release|Any CPU
		{F853CC69-6E0B-41AE-BB3E-15D768908650}.Release|x86.ActiveCfg = Release|Any CPU
		{F853CC69-6E0B-41AE-BB3E-15D768908650}.Release|x86.Build.0 = Release|Any CPU
		{DE8B8C28-27FF-4C01-8558-7F052937A4B1}.Debug|Any CPU.ActiveCfg = Debug|Any CPU
		{DE8B8C28-27FF-4C01-8558-7F052937A4B1}.Debug|Any CPU.Build.0 = Debug|Any CPU
		{DE8B8C28-27FF-4C01-8558-7F052937A4B1}.Debug|x64.ActiveCfg = Debug|Any CPU
		{DE8B8C28-27FF-4C01-8558-7F052937A4B1}.Debug|x64.Build.0 = Debug|Any CPU
		{DE8B8C28-27FF-4C01-8558-7F052937A4B1}.Debug|x86.ActiveCfg = Debug|Any CPU
		{DE8B8C28-27FF-4C01-8558-7F052937A4B1}.Debug|x86.Build.0 = Debug|Any CPU
		{DE8B8C28-27FF-4C01-8558-7F052937A4B1}.Release|Any CPU.ActiveCfg = Release|Any CPU
		{DE8B8C28-27FF-4C01-8558-7F052937A4B1}.Release|Any CPU.Build.0 = Release|Any CPU
		{DE8B8C28-27FF-4C01-8558-7F052937A4B1}.Release|x64.ActiveCfg = Release|Any CPU
		{DE8B8C28-27FF-4C01-8558-7F052937A4B1}.Release|x64.Build.0 = Release|Any CPU
		{DE8B8C28-27FF-4C01-8558-7F052937A4B1}.Release|x86.ActiveCfg = Release|Any CPU
		{DE8B8C28-27FF-4C01-8558-7F052937A4B1}.Release|x86.Build.0 = Release|Any CPU
		{61CDD943-7B48-415C-A877-F71FC31A4EAF}.Debug|Any CPU.ActiveCfg = Debug|Any CPU
		{61CDD943-7B48-415C-A877-F71FC31A4EAF}.Debug|Any CPU.Build.0 = Debug|Any CPU
		{61CDD943-7B48-415C-A877-F71FC31A4EAF}.Debug|x64.ActiveCfg = Debug|Any CPU
		{61CDD943-7B48-415C-A877-F71FC31A4EAF}.Debug|x64.Build.0 = Debug|Any CPU
		{61CDD943-7B48-415C-A877-F71FC31A4EAF}.Debug|x86.ActiveCfg = Debug|Any CPU
		{61CDD943-7B48-415C-A877-F71FC31A4EAF}.Debug|x86.Build.0 = Debug|Any CPU
		{61CDD943-7B48-415C-A877-F71FC31A4EAF}.Release|Any CPU.ActiveCfg = Release|Any CPU
		{61CDD943-7B48-415C-A877-F71FC31A4EAF}.Release|Any CPU.Build.0 = Release|Any CPU
		{61CDD943-7B48-415C-A877-F71FC31A4EAF}.Release|x64.ActiveCfg = Release|Any CPU
		{61CDD943-7B48-415C-A877-F71FC31A4EAF}.Release|x64.Build.0 = Release|Any CPU
		{61CDD943-7B48-415C-A877-F71FC31A4EAF}.Release|x86.ActiveCfg = Release|Any CPU
		{61CDD943-7B48-415C-A877-F71FC31A4EAF}.Release|x86.Build.0 = Release|Any CPU
	EndGlobalSection
	GlobalSection(SolutionProperties) = preSolution
		HideSolutionNode = FALSE
	EndGlobalSection
	GlobalSection(NestedProjects) = preSolution
		{DE26C561-AD66-0972-039C-D8E9AE6ECEE6} = {7266C4A9-E384-DC00-0EB6-47F6002CFBA7}
		{33BF6D2C-9053-47F0-B411-7737B736379B} = {DE26C561-AD66-0972-039C-D8E9AE6ECEE6}
		{F8F4539D-0082-74A4-1D92-510706789366} = {7266C4A9-E384-DC00-0EB6-47F6002CFBA7}
		{870BDF8E-1D59-4703-B103-CAC4ACEA7169} = {F8F4539D-0082-74A4-1D92-510706789366}
		{56929A71-C862-B918-F479-3EAEBD7B9BDB} = {7266C4A9-E384-DC00-0EB6-47F6002CFBA7}
		{FC6889A5-2164-4A0B-9211-43FF4B27E3A4} = {56929A71-C862-B918-F479-3EAEBD7B9BDB}
		{B06B848F-2C60-96F4-F472-51BA1E48B7CF} = {5854FF58-B8C5-05C6-5BF2-ACE42193F22B}
		{F0C1D28A-64EC-41EF-98F2-2AB70680750B} = {20543853-AF10-B830-2A3D-9FE9F6ECBF6C}
		{63A762E4-CE4F-4270-9770-242926B487FD} = {20543853-AF10-B830-2A3D-9FE9F6ECBF6C}
		{9E310495-949B-498F-BA6C-D4A2AC3594E7} = {0AB3BF05-4346-4AA6-1389-037BE0695223}
		{9F0C5702-EE5D-461F-83AC-C47B457F8F44} = {0AB3BF05-4346-4AA6-1389-037BE0695223}
		{EBFB1419-EA73-4D1F-8795-437A80AF28CD} = {0AB3BF05-4346-4AA6-1389-037BE0695223}
		{A1B2C3D4-E5F6-7890-ABCD-EF1234567890} = {5854FF58-B8C5-05C6-5BF2-ACE42193F22B}
		{91AF93A5-441D-42F3-80BF-155E8E7C31C7} = {B06B848F-2C60-96F4-F472-51BA1E48B7CF}
		{249F2762-1F37-479A-ABCF-76C02657F4F0} = {B06B848F-2C60-96F4-F472-51BA1E48B7CF}
		{1CC9EEBF-171C-4072-B394-39AD9CA7DB79} = {B06B848F-2C60-96F4-F472-51BA1E48B7CF}
		{8394E0F1-48ED-4AE2-805E-782C3D45909F} = {B06B848F-2C60-96F4-F472-51BA1E48B7CF}
		{4FBEEEF2-B612-4E96-B4A7-0780F23D03EB} = {A1B2C3D4-E5F6-7890-ABCD-EF1234567890}
		{F853CC69-6E0B-41AE-BB3E-15D768908650} = {A1B2C3D4-E5F6-7890-ABCD-EF1234567890}
		{DE8B8C28-27FF-4C01-8558-7F052937A4B1} = {A1B2C3D4-E5F6-7890-ABCD-EF1234567890}
		{61CDD943-7B48-415C-A877-F71FC31A4EAF} = {A1B2C3D4-E5F6-7890-ABCD-EF1234567890}
	EndGlobalSection
EndGlobal
